
Microsoft Visual Studio Solution File, Format Version 12.00
# Visual Studio Version 17
VisualStudioVersion = 17.0.31903.59
MinimumVisualStudioVersion = 10.0.40219.1
Project("{8BC9CEB8-8B4A-11D0-8D11-00A0C91BC942}") = "Stack", "Stack\Stack.vcxproj", "{6B272E6B-61B1-402B-971B-7FA1525297FB}"
EndProject
Project("{8BC9CEB8-8B4A-11D0-8D11-00A0C91BC942}") = "Test", "Test\Test.vcxproj", "{E4923999-51EA-4CB0-BC4E-4B9058AFCCA7}"
EndProject
Project("{8BC9CEB8-8B4A-11D0-8D11-00A0C91BC942}") = "WinForm", "WinForm\WinForm.vcxproj", "{D574C3E3-DE83-4F72-81D5-7B74A7770D3F}"
EndProject
Global
	GlobalSection(SolutionConfigurationPlatforms) = preSolution
		Debug|x64 = Debug|x64
		Debug|x86 = Debug|x86
		Release|x64 = Release|x64
		Release|x86 = Release|x86
	EndGlobalSection
	GlobalSection(ProjectConfigurationPlatforms) = postSolution
		{6B272E6B-61B1-402B-971B-7FA1525297FB}.Debug|x64.ActiveCfg = Debug|x64
		{6B272E6B-61B1-402B-971B-7FA1525297FB}.Debug|x64.Build.0 = Debug|x64
		{6B272E6B-61B1-402B-971B-7FA1525297FB}.Debug|x86.ActiveCfg = Debug|Win32
		{6B272E6B-61B1-402B-971B-7FA1525297FB}.Debug|x86.Build.0 = Debug|Win32
		{6B272E6B-61B1-402B-971B-7FA1525297FB}.Release|x64.ActiveCfg = Release|x64
		{6B272E6B-61B1-402B-971B-7FA1525297FB}.Release|x64.Build.0 = Release|x64
		{6B272E6B-61B1-402B-971B-7FA1525297FB}.Release|x86.ActiveCfg = Release|Win32
		{6B272E6B-61B1-402B-971B-7FA1525297FB}.Release|x86.Build.0 = Release|Win32
		{E4923999-51EA-4CB0-BC4E-4B9058AFCCA7}.Debug|x64.ActiveCfg = Debug|x64
		{E4923999-51EA-4CB0-BC4E-4B9058AFCCA7}.Debug|x64.Build.0 = Debug|x64
		{E4923999-51EA-4CB0-BC4E-4B9058AFCCA7}.Debug|x86.ActiveCfg = Debug|Win32
		{E4923999-51EA-4CB0-BC4E-4B9058AFCCA7}.Debug|x86.Build.0 = Debug|Win32
		{E4923999-51EA-4CB0-BC4E-4B9058AFCCA7}.Release|x64.ActiveCfg = Release|x64
		{E4923999-51EA-4CB0-BC4E-4B9058AFCCA7}.Release|x64.Build.0 = Release|x64
		{E4923999-51EA-4CB0-BC4E-4B9058AFCCA7}.Release|x86.ActiveCfg = Release|Win32
		{E4923999-51EA-4CB0-BC4E-4B9058AFCCA7}.Release|x86.Build.0 = Release|Win32
		{D574C3E3-DE83-4F72-81D5-7B74A7770D3F}.Debug|x64.ActiveCfg = Debug|x64
		{D574C3E3-DE83-4F72-81D5-7B74A7770D3F}.Debug|x64.Build.0 = Debug|x64
		{D574C3E3-DE83-4F72-81D5-7B74A7770D3F}.Debug|x86.ActiveCfg = Debug|Win32
		{D574C3E3-DE83-4F72-81D5-7B74A7770D3F}.Debug|x86.Build.0 = Debug|Win32
		{D574C3E3-DE83-4F72-81D5-7B74A7770D3F}.Release|x64.ActiveCfg = Release|x64
		{D574C3E3-DE83-4F72-81D5-7B74A7770D3F}.Release|x64.Build.0 = Release|x64
		{D574C3E3-DE83-4F72-81D5-7B74A7770D3F}.Release|x86.ActiveCfg = Release|Win32
		{D574C3E3-DE83-4F72-81D5-7B74A7770D3F}.Release|x86.Build.0 = Release|Win32
	EndGlobalSection
	GlobalSection(SolutionProperties) = preSolution
		HideSolutionNode = FALSE
	EndGlobalSection
	GlobalSection(ExtensibilityGlobals) = postSolution
		SolutionGuid = {D60D1EFF-96BA-433A-B51E-3E6BD641E619}
	EndGlobalSection
EndGlobal
