
Microsoft Visual Studio Solution File, Format Version 12.00
# Visual Studio Version 16
VisualStudioVersion = 16.0.31321.278
MinimumVisualStudioVersion = 10.0.40219.1
Project("{8BC9CEB8-8B4A-11D0-8D11-00A0C91BC942}") = "Stack", "Stack\Stack.vcxproj", "{6B272E6B-61B1-402B-971B-7FA1525297FB}"
EndProject
Project("{8BC9CEB8-8B4A-11D0-8D11-00A0C91BC942}") = "StackTest", "StackTest\StackTest.vcxproj", "{C358CD3F-B397-4BA3-8CBA-3C9BF48C58FB}"
EndProject
Global
	GlobalSection(SolutionConfigurationPlatforms) = preSolution
		Debug|x64 = Debug|x64
		Debug|x86 = Debug|x86
		Release|x64 = Release|x64
		Release|x86 = Release|x86
	EndGlobalSection
	GlobalSection(ProjectConfigurationPlatforms) = postSolution
		{6B272E6B-61B1-402B-971B-7FA1525297FB}.Debug|x64.ActiveCfg = Debug|x64
		{6B272E6B-61B1-402B-971B-7FA1525297FB}.Debug|x64.Build.0 = Debug|x64
		{6B272E6B-61B1-402B-971B-7FA1525297FB}.Debug|x86.ActiveCfg = Debug|Win32
		{6B272E6B-61B1-402B-971B-7FA1525297FB}.Debug|x86.Build.0 = Debug|Win32
		{6B272E6B-61B1-402B-971B-7FA1525297FB}.Release|x64.ActiveCfg = Release|x64
		{6B272E6B-61B1-402B-971B-7FA1525297FB}.Release|x64.Build.0 = Release|x64
		{6B272E6B-61B1-402B-971B-7FA1525297FB}.Release|x86.ActiveCfg = Release|Win32
		{6B272E6B-61B1-402B-971B-7FA1525297FB}.Release|x86.Build.0 = Release|Win32
		{C358CD3F-B397-4BA3-8CBA-3C9BF48C58FB}.Debug|x64.ActiveCfg = Debug|x64
		{C358CD3F-B397-4BA3-8CBA-3C9BF48C58FB}.Debug|x64.Build.0 = Debug|x64
		{C358CD3F-B397-4BA3-8CBA-3C9BF48C58FB}.Debug|x86.ActiveCfg = Debug|Win32
		{C358CD3F-B397-4BA3-8CBA-3C9BF48C58FB}.Debug|x86.Build.0 = Debug|Win32
		{C358CD3F-B397-4BA3-8CBA-3C9BF48C58FB}.Release|x64.ActiveCfg = Release|x64
		{C358CD3F-B397-4BA3-8CBA-3C9BF48C58FB}.Release|x64.Build.0 = Release|x64
		{C358CD3F-B397-4BA3-8CBA-3C9BF48C58FB}.Release|x86.ActiveCfg = Release|Win32
		{C358CD3F-B397-4BA3-8CBA-3C9BF48C58FB}.Release|x86.Build.0 = Release|Win32
	EndGlobalSection
	GlobalSection(SolutionProperties) = preSolution
		HideSolutionNode = FALSE
	EndGlobalSection
	GlobalSection(ExtensibilityGlobals) = postSolution
		SolutionGuid = {D60D1EFF-96BA-433A-B51E-3E6BD641E619}
	EndGlobalSection
EndGlobal
